
Microsoft Visual Studio Solution File, Format Version 12.00
# Visual Studio Version 17
VisualStudioVersion = 17.2.32630.192
MinimumVisualStudioVersion = 10.0.40219.1
Project("{FAE04EC0-301F-11D3-BF4B-00C04F79EFBC}") = "AppGestionFutbol", "AppGestionFutbol\AppGestionFutbol.csproj", "{512058CC-C194-4DFC-9CA0-91A1DB416823}"
EndProject
Global
	GlobalSection(SolutionConfigurationPlatforms) = preSolution
		Debug|Any CPU = Debug|Any CPU
		Release|Any CPU = Release|Any CPU
	EndGlobalSection
	GlobalSection(ProjectConfigurationPlatforms) = postSolution
		{512058CC-C194-4DFC-9CA0-91A1DB416823}.Debug|Any CPU.ActiveCfg = Debug|Any CPU
		{512058CC-C194-4DFC-9CA0-91A1DB416823}.Debug|Any CPU.Build.0 = Debug|Any CPU
		{512058CC-C194-4DFC-9CA0-91A1DB416823}.Release|Any CPU.ActiveCfg = Release|Any CPU
		{512058CC-C194-4DFC-9CA0-91A1DB416823}.Release|Any CPU.Build.0 = Release|Any CPU
	EndGlobalSection
	GlobalSection(SolutionProperties) = preSolution
		HideSolutionNode = FALSE
	EndGlobalSection
	GlobalSection(ExtensibilityGlobals) = postSolution
		SolutionGuid = {B142D14E-9230-41F0-B210-4E1F8963C9C2}
	EndGlobalSection
EndGlobal
